
Microsoft Visual Studio Solution File, Format Version 12.00
# Visual Studio 15
VisualStudioVersion = 15.0.28307.421
MinimumVisualStudioVersion = 10.0.40219.1
Project("{888888A0-9F3D-457C-B088-3A5042F75D52}") = "Kevin Bacon", "Kevin Bacon\Kevin Bacon.pyproj", "{9D45706E-8958-4436-A889-21AD855818B1}"
EndProject
Project("{888888A0-9F3D-457C-B088-3A5042F75D52}") = "FrontEnd", "FrontEnd\FrontEnd.pyproj", "{1A26C561-418D-43EA-A765-F355B5E60905}"
EndProject
Global
	GlobalSection(SolutionConfigurationPlatforms) = preSolution
		Debug|Any CPU = Debug|Any CPU
		Release|Any CPU = Release|Any CPU
	EndGlobalSection
	GlobalSection(ProjectConfigurationPlatforms) = postSolution
		{9D45706E-8958-4436-A889-21AD855818B1}.Debug|Any CPU.ActiveCfg = Debug|Any CPU
		{9D45706E-8958-4436-A889-21AD855818B1}.Release|Any CPU.ActiveCfg = Release|Any CPU
		{1A26C561-418D-43EA-A765-F355B5E60905}.Debug|Any CPU.ActiveCfg = Debug|Any CPU
		{1A26C561-418D-43EA-A765-F355B5E60905}.Debug|Any CPU.Build.0 = Debug|Any CPU
		{1A26C561-418D-43EA-A765-F355B5E60905}.Release|Any CPU.ActiveCfg = Release|Any CPU
		{1A26C561-418D-43EA-A765-F355B5E60905}.Release|Any CPU.Build.0 = Release|Any CPU
	EndGlobalSection
	GlobalSection(SolutionProperties) = preSolution
		HideSolutionNode = FALSE
	EndGlobalSection
	GlobalSection(ExtensibilityGlobals) = postSolution
		SolutionGuid = {2FB6EE20-96C8-4AFE-841E-F8F0E0C95252}
	EndGlobalSection
EndGlobal
